// !$*UTF8*$!
{
	archiveVersion = 1;
	classes = {
	};
	objectVersion = 56;
	objects = {

/* Begin PBXBuildFile section */
		17087D952DD254890006852C /* IgnoredAppsTabView.swift in Sources */ = {isa = PBXBuildFile; fileRef = 17087D942DD254890006852C /* IgnoredAppsTabView.swift */; };
		172E0BD52B32F36300D5CDA7 /* MouseTracker.swift in Sources */ = {isa = PBXBuildFile; fileRef = 172E0BD42B32F36300D5CDA7 /* MouseTracker.swift */; };
		173C0E832C123CF700654527 /* DrawCircle.swift in Sources */ = {isa = PBXBuildFile; fileRef = 173C0E822C123CF700654527 /* DrawCircle.swift */; };
		174652CE2B33345200241CE6 /* WindowManager.swift in Sources */ = {isa = PBXBuildFile; fileRef = 174652CD2B33345200241CE6 /* WindowManager.swift */; };
		1751BFD42C19DBBC00559AC7 /* UIButton.swift in Sources */ = {isa = PBXBuildFile; fileRef = 1751BFD32C19DBBC00559AC7 /* UIButton.swift */; };
		177FB2412B31F9B900B11BA3 /* PermissionsRequestView.swift in Sources */ = {isa = PBXBuildFile; fileRef = 177FB2402B31F9B900B11BA3 /* PermissionsRequestView.swift */; };
		177FB24C2B31FF1E00B11BA3 /* ShortcutView.swift in Sources */ = {isa = PBXBuildFile; fileRef = 177FB24B2B31FF1E00B11BA3 /* ShortcutView.swift */; };
		177FB2512B32160B00B11BA3 /* AppDelegate.swift in Sources */ = {isa = PBXBuildFile; fileRef = 177FB2502B32160B00B11BA3 /* AppDelegate.swift */; };
		177FB2532B321D0500B11BA3 /* ShortcutsManager.swift in Sources */ = {isa = PBXBuildFile; fileRef = 177FB2522B321D0500B11BA3 /* ShortcutsManager.swift */; };
		1781A5E22B31EE4A00F27910 /* App.swift in Sources */ = {isa = PBXBuildFile; fileRef = 1781A5E12B31EE4A00F27910 /* App.swift */; };
		1781A5E42B31EE4A00F27910 /* AppView.swift in Sources */ = {isa = PBXBuildFile; fileRef = 1781A5E32B31EE4A00F27910 /* AppView.swift */; };
		1781A5E62B31EE4B00F27910 /* Assets.xcassets in Resources */ = {isa = PBXBuildFile; fileRef = 1781A5E52B31EE4B00F27910 /* Assets.xcassets */; };
		1781A5E92B31EE4B00F27910 /* Preview Assets.xcassets in Resources */ = {isa = PBXBuildFile; fileRef = 1781A5E82B31EE4B00F27910 /* Preview Assets.xcassets */; };
		1798B1202B4812D600E07964 /* SettingsView.swift in Sources */ = {isa = PBXBuildFile; fileRef = 1798B11F2B4812D600E07964 /* SettingsView.swift */; };
		1798B1222B48131400E07964 /* InfoView.swift in Sources */ = {isa = PBXBuildFile; fileRef = 1798B1212B48131400E07964 /* InfoView.swift */; };
		336441112C189812000A1C90 /* CGEventSupervisor in Frameworks */ = {isa = PBXBuildFile; productRef = 336441102C189812000A1C90 /* CGEventSupervisor */; };
		338FBF5B2C1855AE00D1ECA6 /* ShortcutRecorder in Frameworks */ = {isa = PBXBuildFile; productRef = 338FBF5A2C1855AE00D1ECA6 /* ShortcutRecorder */; };
		338FBF5D2C1855B200D1ECA6 /* LaunchAtLogin in Frameworks */ = {isa = PBXBuildFile; productRef = 338FBF5C2C1855B200D1ECA6 /* LaunchAtLogin */; };
		338FBF5F2C1855B400D1ECA6 /* Sparkle in Frameworks */ = {isa = PBXBuildFile; productRef = 338FBF5E2C1855B400D1ECA6 /* Sparkle */; };
		E236331E2B44669200C0E61F /* Preferences.swift in Sources */ = {isa = PBXBuildFile; fileRef = E236331D2B44669200C0E61F /* Preferences.swift */; };
		E23633202B4466F800C0E61F /* PreferencesView.swift in Sources */ = {isa = PBXBuildFile; fileRef = E236331F2B4466F800C0E61F /* PreferencesView.swift */; };
		E2CABBA52B447AEA00D66D43 /* UpdatesView.swift in Sources */ = {isa = PBXBuildFile; fileRef = E2CABBA42B447AEA00D66D43 /* UpdatesView.swift */; };
		E2CABBA82B44D69B00D66D43 /* UpdatesManager.swift in Sources */ = {isa = PBXBuildFile; fileRef = E2CABBA72B44D69B00D66D43 /* UpdatesManager.swift */; };
		E2D8CFB92B3C3B9B00EBB047 /* PermissionsManager.swift in Sources */ = {isa = PBXBuildFile; fileRef = E2D8CFB82B3C3B9B00EBB047 /* PermissionsManager.swift */; };
		E2E6F5EA2B3EF03C005B0D96 /* Constants.swift in Sources */ = {isa = PBXBuildFile; fileRef = E2E6F5E92B3EF03C005B0D96 /* Constants.swift */; };
/* End PBXBuildFile section */

/* Begin PBXFileReference section */
		17087D942DD254890006852C /* IgnoredAppsTabView.swift */ = {isa = PBXFileReference; lastKnownFileType = sourcecode.swift; path = IgnoredAppsTabView.swift; sourceTree = "<group>"; };
		172E0BD42B32F36300D5CDA7 /* MouseTracker.swift */ = {isa = PBXFileReference; lastKnownFileType = sourcecode.swift; path = MouseTracker.swift; sourceTree = "<group>"; };
		173C0E822C123CF700654527 /* DrawCircle.swift */ = {isa = PBXFileReference; lastKnownFileType = sourcecode.swift; path = DrawCircle.swift; sourceTree = "<group>"; };
		174652CD2B33345200241CE6 /* WindowManager.swift */ = {isa = PBXFileReference; lastKnownFileType = sourcecode.swift; path = WindowManager.swift; sourceTree = "<group>"; };
		1751BFD32C19DBBC00559AC7 /* UIButton.swift */ = {isa = PBXFileReference; lastKnownFileType = sourcecode.swift; path = UIButton.swift; sourceTree = "<group>"; };
		177FB2402B31F9B900B11BA3 /* PermissionsRequestView.swift */ = {isa = PBXFileReference; lastKnownFileType = sourcecode.swift; path = PermissionsRequestView.swift; sourceTree = "<group>"; };
		177FB24B2B31FF1E00B11BA3 /* ShortcutView.swift */ = {isa = PBXFileReference; lastKnownFileType = sourcecode.swift; path = ShortcutView.swift; sourceTree = "<group>"; };
		177FB2502B32160B00B11BA3 /* AppDelegate.swift */ = {isa = PBXFileReference; lastKnownFileType = sourcecode.swift; path = AppDelegate.swift; sourceTree = "<group>"; };
		177FB2522B321D0500B11BA3 /* ShortcutsManager.swift */ = {isa = PBXFileReference; lastKnownFileType = sourcecode.swift; path = ShortcutsManager.swift; sourceTree = "<group>"; };
		1781A5DE2B31EE4900F27910 /* Swift Shift.app */ = {isa = PBXFileReference; explicitFileType = wrapper.application; includeInIndex = 0; path = "Swift Shift.app"; sourceTree = BUILT_PRODUCTS_DIR; };
		1781A5E12B31EE4A00F27910 /* App.swift */ = {isa = PBXFileReference; lastKnownFileType = sourcecode.swift; path = App.swift; sourceTree = "<group>"; };
		1781A5E32B31EE4A00F27910 /* AppView.swift */ = {isa = PBXFileReference; lastKnownFileType = sourcecode.swift; path = AppView.swift; sourceTree = "<group>"; };
		1781A5E52B31EE4B00F27910 /* Assets.xcassets */ = {isa = PBXFileReference; lastKnownFileType = folder.assetcatalog; path = Assets.xcassets; sourceTree = "<group>"; };
		1781A5E82B31EE4B00F27910 /* Preview Assets.xcassets */ = {isa = PBXFileReference; lastKnownFileType = folder.assetcatalog; path = "Preview Assets.xcassets"; sourceTree = "<group>"; };
		1781A5EA2B31EE4B00F27910 /* Swift_Shift.entitlements */ = {isa = PBXFileReference; lastKnownFileType = text.plist.entitlements; path = Swift_Shift.entitlements; sourceTree = "<group>"; };
		1798B11F2B4812D600E07964 /* SettingsView.swift */ = {isa = PBXFileReference; lastKnownFileType = sourcecode.swift; path = SettingsView.swift; sourceTree = "<group>"; };
		1798B1212B48131400E07964 /* InfoView.swift */ = {isa = PBXFileReference; lastKnownFileType = sourcecode.swift; path = InfoView.swift; sourceTree = "<group>"; };
		E236331D2B44669200C0E61F /* Preferences.swift */ = {isa = PBXFileReference; lastKnownFileType = sourcecode.swift; path = Preferences.swift; sourceTree = "<group>"; };
		E236331F2B4466F800C0E61F /* PreferencesView.swift */ = {isa = PBXFileReference; lastKnownFileType = sourcecode.swift; path = PreferencesView.swift; sourceTree = "<group>"; };
		E2CABBA42B447AEA00D66D43 /* UpdatesView.swift */ = {isa = PBXFileReference; lastKnownFileType = sourcecode.swift; path = UpdatesView.swift; sourceTree = "<group>"; };
		E2CABBA72B44D69B00D66D43 /* UpdatesManager.swift */ = {isa = PBXFileReference; lastKnownFileType = sourcecode.swift; path = UpdatesManager.swift; sourceTree = "<group>"; };
		E2D8CFB82B3C3B9B00EBB047 /* PermissionsManager.swift */ = {isa = PBXFileReference; lastKnownFileType = sourcecode.swift; path = PermissionsManager.swift; sourceTree = "<group>"; };
		E2E6F5E92B3EF03C005B0D96 /* Constants.swift */ = {isa = PBXFileReference; lastKnownFileType = sourcecode.swift; path = Constants.swift; sourceTree = "<group>"; };
/* End PBXFileReference section */

/* Begin PBXFrameworksBuildPhase section */
		1781A5DB2B31EE4900F27910 /* Frameworks */ = {
			isa = PBXFrameworksBuildPhase;
			buildActionMask = 2147483647;
			files = (
				338FBF5F2C1855B400D1ECA6 /* Sparkle in Frameworks */,
				338FBF5D2C1855B200D1ECA6 /* LaunchAtLogin in Frameworks */,
				338FBF5B2C1855AE00D1ECA6 /* ShortcutRecorder in Frameworks */,
				336441112C189812000A1C90 /* CGEventSupervisor in Frameworks */,
			);
			runOnlyForDeploymentPostprocessing = 0;
		};
/* End PBXFrameworksBuildPhase section */

/* Begin PBXGroup section */
		1751BFD52C19E90200559AC7 /* View */ = {
			isa = PBXGroup;
			children = (
				1781A5E32B31EE4A00F27910 /* AppView.swift */,
				E236331F2B4466F800C0E61F /* PreferencesView.swift */,
				1798B11F2B4812D600E07964 /* SettingsView.swift */,
				1798B1212B48131400E07964 /* InfoView.swift */,
				17087D942DD254890006852C /* IgnoredAppsTabView.swift */,
				E2CABBA42B447AEA00D66D43 /* UpdatesView.swift */,
				177FB24B2B31FF1E00B11BA3 /* ShortcutView.swift */,
				177FB2402B31F9B900B11BA3 /* PermissionsRequestView.swift */,
			);
			path = View;
			sourceTree = "<group>";
		};
		1751BFD62C19E91300559AC7 /* Manager */ = {
			isa = PBXGroup;
			children = (
				177FB2522B321D0500B11BA3 /* ShortcutsManager.swift */,
				E236331D2B44669200C0E61F /* Preferences.swift */,
				E2CABBA72B44D69B00D66D43 /* UpdatesManager.swift */,
				E2D8CFB82B3C3B9B00EBB047 /* PermissionsManager.swift */,
				172E0BD42B32F36300D5CDA7 /* MouseTracker.swift */,
				174652CD2B33345200241CE6 /* WindowManager.swift */,
			);
			path = Manager;
			sourceTree = "<group>";
		};
		1751BFD72C19E98D00559AC7 /* lib */ = {
			isa = PBXGroup;
			children = (
				1751BFD32C19DBBC00559AC7 /* UIButton.swift */,
				173C0E822C123CF700654527 /* DrawCircle.swift */,
			);
			path = lib;
			sourceTree = "<group>";
		};
		17550A6A2B3351A80058A94F /* src */ = {
			isa = PBXGroup;
			children = (
				177FB2502B32160B00B11BA3 /* AppDelegate.swift */,
				1781A5E12B31EE4A00F27910 /* App.swift */,
				E2E6F5E92B3EF03C005B0D96 /* Constants.swift */,
				1751BFD72C19E98D00559AC7 /* lib */,
				1751BFD52C19E90200559AC7 /* View */,
				1751BFD62C19E91300559AC7 /* Manager */,
			);
			path = src;
			sourceTree = "<group>";
		};
		1781A5D52B31EE4900F27910 = {
			isa = PBXGroup;
			children = (
				1781A5E02B31EE4A00F27910 /* Swift Shift */,
				1781A5DF2B31EE4900F27910 /* Products */,
			);
			sourceTree = "<group>";
		};
		1781A5DF2B31EE4900F27910 /* Products */ = {
			isa = PBXGroup;
			children = (
				1781A5DE2B31EE4900F27910 /* Swift Shift.app */,
			);
			name = Products;
			sourceTree = "<group>";
		};
		1781A5E02B31EE4A00F27910 /* Swift Shift */ = {
			isa = PBXGroup;
			children = (
				17550A6A2B3351A80058A94F /* src */,
				1781A5E52B31EE4B00F27910 /* Assets.xcassets */,
				1781A5EA2B31EE4B00F27910 /* Swift_Shift.entitlements */,
				1781A5E72B31EE4B00F27910 /* Preview Content */,
			);
			path = "Swift Shift";
			sourceTree = "<group>";
		};
		1781A5E72B31EE4B00F27910 /* Preview Content */ = {
			isa = PBXGroup;
			children = (
				1781A5E82B31EE4B00F27910 /* Preview Assets.xcassets */,
			);
			path = "Preview Content";
			sourceTree = "<group>";
		};
/* End PBXGroup section */

/* Begin PBXNativeTarget section */
		1781A5DD2B31EE4900F27910 /* Swift Shift */ = {
			isa = PBXNativeTarget;
			buildConfigurationList = 1781A5ED2B31EE4B00F27910 /* Build configuration list for PBXNativeTarget "Swift Shift" */;
			buildPhases = (
				1781A5DA2B31EE4900F27910 /* Sources */,
				1781A5DB2B31EE4900F27910 /* Frameworks */,
				1781A5DC2B31EE4900F27910 /* Resources */,
			);
			buildRules = (
			);
			dependencies = (
			);
			name = "Swift Shift";
			packageProductDependencies = (
				338FBF5A2C1855AE00D1ECA6 /* ShortcutRecorder */,
				338FBF5C2C1855B200D1ECA6 /* LaunchAtLogin */,
				338FBF5E2C1855B400D1ECA6 /* Sparkle */,
				336441102C189812000A1C90 /* CGEventSupervisor */,
			);
			productName = "Swift Shift";
			productReference = 1781A5DE2B31EE4900F27910 /* Swift Shift.app */;
			productType = "com.apple.product-type.application";
		};
/* End PBXNativeTarget section */

/* Begin PBXProject section */
		1781A5D62B31EE4900F27910 /* Project object */ = {
			isa = PBXProject;
			attributes = {
				BuildIndependentTargetsInParallel = 1;
				LastSwiftUpdateCheck = 1510;
				LastUpgradeCheck = 1510;
				TargetAttributes = {
					1781A5DD2B31EE4900F27910 = {
						CreatedOnToolsVersion = 15.1;
					};
				};
			};
			buildConfigurationList = 1781A5D92B31EE4900F27910 /* Build configuration list for PBXProject "Swift Shift" */;
			compatibilityVersion = "Xcode 14.0";
			developmentRegion = en;
			hasScannedForEncodings = 0;
			knownRegions = (
				en,
				Base,
			);
			mainGroup = 1781A5D52B31EE4900F27910;
			packageReferences = (
				177FB2462B31FE7F00B11BA3 /* XCRemoteSwiftPackageReference "ShortcutRecorder" */,
				17F33F282B37026400F85E01 /* XCRemoteSwiftPackageReference "LaunchAtLogin-Modern" */,
				E23633212B44749C00C0E61F /* XCRemoteSwiftPackageReference "Sparkle" */,
				3364410F2C189812000A1C90 /* XCRemoteSwiftPackageReference "CGEventSupervisor" */,
			);
			productRefGroup = 1781A5DF2B31EE4900F27910 /* Products */;
			projectDirPath = "";
			projectRoot = "";
			targets = (
				1781A5DD2B31EE4900F27910 /* Swift Shift */,
			);
		};
/* End PBXProject section */

/* Begin PBXResourcesBuildPhase section */
		1781A5DC2B31EE4900F27910 /* Resources */ = {
			isa = PBXResourcesBuildPhase;
			buildActionMask = 2147483647;
			files = (
				1781A5E92B31EE4B00F27910 /* Preview Assets.xcassets in Resources */,
				1781A5E62B31EE4B00F27910 /* Assets.xcassets in Resources */,
			);
			runOnlyForDeploymentPostprocessing = 0;
		};
/* End PBXResourcesBuildPhase section */

/* Begin PBXSourcesBuildPhase section */
		1781A5DA2B31EE4900F27910 /* Sources */ = {
			isa = PBXSourcesBuildPhase;
			buildActionMask = 2147483647;
			files = (
				1798B1222B48131400E07964 /* InfoView.swift in Sources */,
				1798B1202B4812D600E07964 /* SettingsView.swift in Sources */,
				177FB2512B32160B00B11BA3 /* AppDelegate.swift in Sources */,
				E23633202B4466F800C0E61F /* PreferencesView.swift in Sources */,
				177FB24C2B31FF1E00B11BA3 /* ShortcutView.swift in Sources */,
				172E0BD52B32F36300D5CDA7 /* MouseTracker.swift in Sources */,
				1781A5E42B31EE4A00F27910 /* AppView.swift in Sources */,
				173C0E832C123CF700654527 /* DrawCircle.swift in Sources */,
				E2CABBA52B447AEA00D66D43 /* UpdatesView.swift in Sources */,
				17087D952DD254890006852C /* IgnoredAppsTabView.swift in Sources */,
				177FB2532B321D0500B11BA3 /* ShortcutsManager.swift in Sources */,
				E2E6F5EA2B3EF03C005B0D96 /* Constants.swift in Sources */,
				E2CABBA82B44D69B00D66D43 /* UpdatesManager.swift in Sources */,
				174652CE2B33345200241CE6 /* WindowManager.swift in Sources */,
				E236331E2B44669200C0E61F /* Preferences.swift in Sources */,
				1781A5E22B31EE4A00F27910 /* App.swift in Sources */,
				177FB2412B31F9B900B11BA3 /* PermissionsRequestView.swift in Sources */,
				E2D8CFB92B3C3B9B00EBB047 /* PermissionsManager.swift in Sources */,
				1751BFD42C19DBBC00559AC7 /* UIButton.swift in Sources */,
			);
			runOnlyForDeploymentPostprocessing = 0;
		};
/* End PBXSourcesBuildPhase section */

/* Begin XCBuildConfiguration section */
		1781A5EB2B31EE4B00F27910 /* Debug */ = {
			isa = XCBuildConfiguration;
			buildSettings = {
				ALWAYS_SEARCH_USER_PATHS = NO;
				ASSETCATALOG_COMPILER_GENERATE_SWIFT_ASSET_SYMBOL_EXTENSIONS = YES;
				CLANG_ANALYZER_NONNULL = YES;
				CLANG_ANALYZER_NUMBER_OBJECT_CONVERSION = YES_AGGRESSIVE;
				CLANG_CXX_LANGUAGE_STANDARD = "gnu++20";
				CLANG_ENABLE_MODULES = YES;
				CLANG_ENABLE_OBJC_ARC = YES;
				CLANG_ENABLE_OBJC_WEAK = YES;
				CLANG_WARN_BLOCK_CAPTURE_AUTORELEASING = YES;
				CLANG_WARN_BOOL_CONVERSION = YES;
				CLANG_WARN_COMMA = YES;
				CLANG_WARN_CONSTANT_CONVERSION = YES;
				CLANG_WARN_DEPRECATED_OBJC_IMPLEMENTATIONS = YES;
				CLANG_WARN_DIRECT_OBJC_ISA_USAGE = YES_ERROR;
				CLANG_WARN_DOCUMENTATION_COMMENTS = YES;
				CLANG_WARN_EMPTY_BODY = YES;
				CLANG_WARN_ENUM_CONVERSION = YES;
				CLANG_WARN_INFINITE_RECURSION = YES;
				CLANG_WARN_INT_CONVERSION = YES;
				CLANG_WARN_NON_LITERAL_NULL_CONVERSION = YES;
				CLANG_WARN_OBJC_IMPLICIT_RETAIN_SELF = YES;
				CLANG_WARN_OBJC_LITERAL_CONVERSION = YES;
				CLANG_WARN_OBJC_ROOT_CLASS = YES_ERROR;
				CLANG_WARN_QUOTED_INCLUDE_IN_FRAMEWORK_HEADER = YES;
				CLANG_WARN_RANGE_LOOP_ANALYSIS = YES;
				CLANG_WARN_STRICT_PROTOTYPES = YES;
				CLANG_WARN_SUSPICIOUS_MOVE = YES;
				CLANG_WARN_UNGUARDED_AVAILABILITY = YES_AGGRESSIVE;
				CLANG_WARN_UNREACHABLE_CODE = YES;
				CLANG_WARN__DUPLICATE_METHOD_MATCH = YES;
				COPY_PHASE_STRIP = NO;
				DEBUG_INFORMATION_FORMAT = dwarf;
				ENABLE_STRICT_OBJC_MSGSEND = YES;
				ENABLE_TESTABILITY = YES;
				ENABLE_USER_SCRIPT_SANDBOXING = YES;
				GCC_C_LANGUAGE_STANDARD = gnu17;
				GCC_DYNAMIC_NO_PIC = NO;
				GCC_NO_COMMON_BLOCKS = YES;
				GCC_OPTIMIZATION_LEVEL = 0;
				GCC_PREPROCESSOR_DEFINITIONS = (
					"DEBUG=1",
					"$(inherited)",
				);
				GCC_WARN_64_TO_32_BIT_CONVERSION = YES;
				GCC_WARN_ABOUT_RETURN_TYPE = YES_ERROR;
				GCC_WARN_UNDECLARED_SELECTOR = YES;
				GCC_WARN_UNINITIALIZED_AUTOS = YES_AGGRESSIVE;
				GCC_WARN_UNUSED_FUNCTION = YES;
				GCC_WARN_UNUSED_VARIABLE = YES;
				LOCALIZATION_PREFERS_STRING_CATALOGS = YES;
				MACOSX_DEPLOYMENT_TARGET = 14.0;
				MTL_ENABLE_DEBUG_INFO = INCLUDE_SOURCE;
				MTL_FAST_MATH = YES;
				ONLY_ACTIVE_ARCH = YES;
				SDKROOT = macosx;
				SWIFT_ACTIVE_COMPILATION_CONDITIONS = "DEBUG $(inherited)";
				SWIFT_OPTIMIZATION_LEVEL = "-Onone";
			};
			name = Debug;
		};
		1781A5EC2B31EE4B00F27910 /* Release */ = {
			isa = XCBuildConfiguration;
			buildSettings = {
				ALWAYS_SEARCH_USER_PATHS = NO;
				ASSETCATALOG_COMPILER_GENERATE_SWIFT_ASSET_SYMBOL_EXTENSIONS = YES;
				CLANG_ANALYZER_NONNULL = YES;
				CLANG_ANALYZER_NUMBER_OBJECT_CONVERSION = YES_AGGRESSIVE;
				CLANG_CXX_LANGUAGE_STANDARD = "gnu++20";
				CLANG_ENABLE_MODULES = YES;
				CLANG_ENABLE_OBJC_ARC = YES;
				CLANG_ENABLE_OBJC_WEAK = YES;
				CLANG_WARN_BLOCK_CAPTURE_AUTORELEASING = YES;
				CLANG_WARN_BOOL_CONVERSION = YES;
				CLANG_WARN_COMMA = YES;
				CLANG_WARN_CONSTANT_CONVERSION = YES;
				CLANG_WARN_DEPRECATED_OBJC_IMPLEMENTATIONS = YES;
				CLANG_WARN_DIRECT_OBJC_ISA_USAGE = YES_ERROR;
				CLANG_WARN_DOCUMENTATION_COMMENTS = YES;
				CLANG_WARN_EMPTY_BODY = YES;
				CLANG_WARN_ENUM_CONVERSION = YES;
				CLANG_WARN_INFINITE_RECURSION = YES;
				CLANG_WARN_INT_CONVERSION = YES;
				CLANG_WARN_NON_LITERAL_NULL_CONVERSION = YES;
				CLANG_WARN_OBJC_IMPLICIT_RETAIN_SELF = YES;
				CLANG_WARN_OBJC_LITERAL_CONVERSION = YES;
				CLANG_WARN_OBJC_ROOT_CLASS = YES_ERROR;
				CLANG_WARN_QUOTED_INCLUDE_IN_FRAMEWORK_HEADER = YES;
				CLANG_WARN_RANGE_LOOP_ANALYSIS = YES;
				CLANG_WARN_STRICT_PROTOTYPES = YES;
				CLANG_WARN_SUSPICIOUS_MOVE = YES;
				CLANG_WARN_UNGUARDED_AVAILABILITY = YES_AGGRESSIVE;
				CLANG_WARN_UNREACHABLE_CODE = YES;
				CLANG_WARN__DUPLICATE_METHOD_MATCH = YES;
				COPY_PHASE_STRIP = NO;
				DEBUG_INFORMATION_FORMAT = "dwarf-with-dsym";
				ENABLE_NS_ASSERTIONS = NO;
				ENABLE_STRICT_OBJC_MSGSEND = YES;
				ENABLE_USER_SCRIPT_SANDBOXING = YES;
				GCC_C_LANGUAGE_STANDARD = gnu17;
				GCC_NO_COMMON_BLOCKS = YES;
				GCC_WARN_64_TO_32_BIT_CONVERSION = YES;
				GCC_WARN_ABOUT_RETURN_TYPE = YES_ERROR;
				GCC_WARN_UNDECLARED_SELECTOR = YES;
				GCC_WARN_UNINITIALIZED_AUTOS = YES_AGGRESSIVE;
				GCC_WARN_UNUSED_FUNCTION = YES;
				GCC_WARN_UNUSED_VARIABLE = YES;
				LOCALIZATION_PREFERS_STRING_CATALOGS = YES;
				MACOSX_DEPLOYMENT_TARGET = 14.0;
				MTL_ENABLE_DEBUG_INFO = NO;
				MTL_FAST_MATH = YES;
				SDKROOT = macosx;
				SWIFT_COMPILATION_MODE = wholemodule;
			};
			name = Release;
		};
		1781A5EE2B31EE4B00F27910 /* Debug */ = {
			isa = XCBuildConfiguration;
			buildSettings = {
				ASSETCATALOG_COMPILER_APPICON_NAME = AppIcon;
				ASSETCATALOG_COMPILER_GLOBAL_ACCENT_COLOR_NAME = AccentColor;
				ASSETCATALOG_COMPILER_INCLUDE_ALL_APPICON_ASSETS = YES;
				CODE_SIGN_ENTITLEMENTS = "Swift Shift/Swift_Shift.entitlements";
				"CODE_SIGN_IDENTITY[sdk=macosx*]" = "Apple Development";
				CODE_SIGN_STYLE = Automatic;
				COMBINE_HIDPI_IMAGES = YES;
				CURRENT_PROJECT_VERSION = 0.25.1;
				DEVELOPMENT_ASSET_PATHS = "\"Swift Shift/Preview Content\"";
				DEVELOPMENT_TEAM = 2TZ4Q825M7;
				ENABLE_HARDENED_RUNTIME = YES;
				ENABLE_PREVIEWS = YES;
				GENERATE_INFOPLIST_FILE = YES;
				INFOPLIST_FILE = "Swift-Shift-Info.plist";
				INFOPLIST_KEY_CFBundleDisplayName = "Swift Shift";
				INFOPLIST_KEY_LSApplicationCategoryType = "public.app-category.utilities";
				INFOPLIST_KEY_LSUIElement = YES;
				INFOPLIST_KEY_NSHumanReadableCopyright = "";
				LD_RUNPATH_SEARCH_PATHS = (
					"$(inherited)",
					"@executable_path/../Frameworks",
				);
				MACOSX_DEPLOYMENT_TARGET = 13.0;
				MARKETING_VERSION = 0.25.1;
				PRODUCT_BUNDLE_IDENTIFIER = "com.pablopunk.Swift-Shift";
				PRODUCT_NAME = "$(TARGET_NAME)";
				SWIFT_EMIT_LOC_STRINGS = YES;
				SWIFT_VERSION = 5.0;
			};
			name = Debug;
		};
		1781A5EF2B31EE4B00F27910 /* Release */ = {
			isa = XCBuildConfiguration;
			buildSettings = {
				ASSETCATALOG_COMPILER_APPICON_NAME = AppIcon;
				ASSETCATALOG_COMPILER_GLOBAL_ACCENT_COLOR_NAME = AccentColor;
				ASSETCATALOG_COMPILER_INCLUDE_ALL_APPICON_ASSETS = YES;
				CODE_SIGN_ENTITLEMENTS = "Swift Shift/Swift_Shift.entitlements";
				"CODE_SIGN_IDENTITY[sdk=macosx*]" = "Apple Development";
				CODE_SIGN_STYLE = Automatic;
				COMBINE_HIDPI_IMAGES = YES;
				CURRENT_PROJECT_VERSION = 0.25.1;
				DEVELOPMENT_ASSET_PATHS = "\"Swift Shift/Preview Content\"";
				DEVELOPMENT_TEAM = 2TZ4Q825M7;
				ENABLE_HARDENED_RUNTIME = YES;
				ENABLE_PREVIEWS = YES;
				GENERATE_INFOPLIST_FILE = YES;
				INFOPLIST_FILE = "Swift-Shift-Info.plist";
				INFOPLIST_KEY_CFBundleDisplayName = "Swift Shift";
				INFOPLIST_KEY_LSApplicationCategoryType = "public.app-category.utilities";
				INFOPLIST_KEY_LSUIElement = YES;
				INFOPLIST_KEY_NSHumanReadableCopyright = "";
				LD_RUNPATH_SEARCH_PATHS = (
					"$(inherited)",
					"@executable_path/../Frameworks",
				);
				MACOSX_DEPLOYMENT_TARGET = 13.0;
				MARKETING_VERSION = 0.25.1;
				PRODUCT_BUNDLE_IDENTIFIER = "com.pablopunk.Swift-Shift";
				PRODUCT_NAME = "$(TARGET_NAME)";
				SWIFT_EMIT_LOC_STRINGS = YES;
				SWIFT_VERSION = 5.0;
			};
			name = Release;
		};
/* End XCBuildConfiguration section */

/* Begin XCConfigurationList section */
		1781A5D92B31EE4900F27910 /* Build configuration list for PBXProject "Swift Shift" */ = {
			isa = XCConfigurationList;
			buildConfigurations = (
				1781A5EB2B31EE4B00F27910 /* Debug */,
				1781A5EC2B31EE4B00F27910 /* Release */,
			);
			defaultConfigurationIsVisible = 0;
			defaultConfigurationName = Release;
		};
		1781A5ED2B31EE4B00F27910 /* Build configuration list for PBXNativeTarget "Swift Shift" */ = {
			isa = XCConfigurationList;
			buildConfigurations = (
				1781A5EE2B31EE4B00F27910 /* Debug */,
				1781A5EF2B31EE4B00F27910 /* Release */,
			);
			defaultConfigurationIsVisible = 0;
			defaultConfigurationName = Release;
		};
/* End XCConfigurationList section */

/* Begin XCRemoteSwiftPackageReference section */
		177FB2462B31FE7F00B11BA3 /* XCRemoteSwiftPackageReference "ShortcutRecorder" */ = {
			isa = XCRemoteSwiftPackageReference;
			repositoryURL = "https://github.com/Kentzo/ShortcutRecorder.git";
			requirement = {
				kind = upToNextMajorVersion;
				minimumVersion = 3.4.0;
			};
		};
		17F33F282B37026400F85E01 /* XCRemoteSwiftPackageReference "LaunchAtLogin-Modern" */ = {
			isa = XCRemoteSwiftPackageReference;
			repositoryURL = "https://github.com/sindresorhus/LaunchAtLogin-Modern";
			requirement = {
				branch = main;
				kind = branch;
			};
		};
		3364410F2C189812000A1C90 /* XCRemoteSwiftPackageReference "CGEventSupervisor" */ = {
			isa = XCRemoteSwiftPackageReference;
			repositoryURL = "https://github.com/stephancasas/CGEventSupervisor";
			requirement = {
				branch = main;
				kind = branch;
			};
		};
		E23633212B44749C00C0E61F /* XCRemoteSwiftPackageReference "Sparkle" */ = {
			isa = XCRemoteSwiftPackageReference;
			repositoryURL = "https://github.com/sparkle-project/Sparkle";
			requirement = {
				kind = upToNextMajorVersion;
				minimumVersion = 2.5.2;
			};
		};
/* End XCRemoteSwiftPackageReference section */

/* Begin XCSwiftPackageProductDependency section */
		336441102C189812000A1C90 /* CGEventSupervisor */ = {
			isa = XCSwiftPackageProductDependency;
			package = 3364410F2C189812000A1C90 /* XCRemoteSwiftPackageReference "CGEventSupervisor" */;
			productName = CGEventSupervisor;
		};
		338FBF5A2C1855AE00D1ECA6 /* ShortcutRecorder */ = {
			isa = XCSwiftPackageProductDependency;
			package = 177FB2462B31FE7F00B11BA3 /* XCRemoteSwiftPackageReference "ShortcutRecorder" */;
			productName = ShortcutRecorder;
		};
		338FBF5C2C1855B200D1ECA6 /* LaunchAtLogin */ = {
			isa = XCSwiftPackageProductDependency;
			package = 17F33F282B37026400F85E01 /* XCRemoteSwiftPackageReference "LaunchAtLogin-Modern" */;
			productName = LaunchAtLogin;
		};
		338FBF5E2C1855B400D1ECA6 /* Sparkle */ = {
			isa = XCSwiftPackageProductDependency;
			package = E23633212B44749C00C0E61F /* XCRemoteSwiftPackageReference "Sparkle" */;
			productName = Sparkle;
		};
/* End XCSwiftPackageProductDependency section */
	};
	rootObject = 1781A5D62B31EE4900F27910 /* Project object */;
}
